// !$*UTF8*$!
{
	archiveVersion = 1;
	classes = {
	};
	objectVersion = 56;
	objects = {

/* Begin PBXBuildFile section */
		13900B042A5526E10052FEBD /* ListModal.swift in Sources */ = {isa = PBXBuildFile; fileRef = 13900B032A5526E10052FEBD /* ListModal.swift */; };
		13CD40092A547A06002C1622 /* TestProjectApp.swift in Sources */ = {isa = PBXBuildFile; fileRef = 13CD40082A547A06002C1622 /* TestProjectApp.swift */; };
		13CD400B2A547A06002C1622 /* ContentView.swift in Sources */ = {isa = PBXBuildFile; fileRef = 13CD400A2A547A06002C1622 /* ContentView.swift */; };
		13CD400D2A547A06002C1622 /* Assets.xcassets in Resources */ = {isa = PBXBuildFile; fileRef = 13CD400C2A547A06002C1622 /* Assets.xcassets */; };
		13CD40102A547A06002C1622 /* Preview Assets.xcassets in Resources */ = {isa = PBXBuildFile; fileRef = 13CD400F2A547A06002C1622 /* Preview Assets.xcassets */; };
		13CD401A2A547A06002C1622 /* TestProjectTests.swift in Sources */ = {isa = PBXBuildFile; fileRef = 13CD40192A547A06002C1622 /* TestProjectTests.swift */; };
		13CD40242A547A06002C1622 /* TestProjectUITests.swift in Sources */ = {isa = PBXBuildFile; fileRef = 13CD40232A547A06002C1622 /* TestProjectUITests.swift */; };
		13CD40262A547A06002C1622 /* TestProjectUITestsLaunchTests.swift in Sources */ = {isa = PBXBuildFile; fileRef = 13CD40252A547A06002C1622 /* TestProjectUITestsLaunchTests.swift */; };
		13CD40332A547CD7002C1622 /* Screen1.swift in Sources */ = {isa = PBXBuildFile; fileRef = 13CD40322A547CD7002C1622 /* Screen1.swift */; };
		13CD40352A547E93002C1622 /* Applications.swift in Sources */ = {isa = PBXBuildFile; fileRef = 13CD40342A547E93002C1622 /* Applications.swift */; };
		13CD40372A547E9E002C1622 /* Recents.swift in Sources */ = {isa = PBXBuildFile; fileRef = 13CD40362A547E9E002C1622 /* Recents.swift */; };
/* End PBXBuildFile section */

/* Begin PBXContainerItemProxy section */
		13CD40162A547A06002C1622 /* PBXContainerItemProxy */ = {
			isa = PBXContainerItemProxy;
			containerPortal = 13CD3FFD2A547A06002C1622 /* Project object */;
			proxyType = 1;
			remoteGlobalIDString = 13CD40042A547A06002C1622;
			remoteInfo = TestProject;
		};
		13CD40202A547A06002C1622 /* PBXContainerItemProxy */ = {
			isa = PBXContainerItemProxy;
			containerPortal = 13CD3FFD2A547A06002C1622 /* Project object */;
			proxyType = 1;
			remoteGlobalIDString = 13CD40042A547A06002C1622;
			remoteInfo = TestProject;
		};
/* End PBXContainerItemProxy section */

/* Begin PBXFileReference section */
		13900B032A5526E10052FEBD /* ListModal.swift */ = {isa = PBXFileReference; lastKnownFileType = sourcecode.swift; path = ListModal.swift; sourceTree = "<group>"; };
		13CD40052A547A06002C1622 /* TestProject.app */ = {isa = PBXFileReference; explicitFileType = wrapper.application; includeInIndex = 0; path = TestProject.app; sourceTree = BUILT_PRODUCTS_DIR; };
		13CD40082A547A06002C1622 /* TestProjectApp.swift */ = {isa = PBXFileReference; lastKnownFileType = sourcecode.swift; path = TestProjectApp.swift; sourceTree = "<group>"; };
		13CD400A2A547A06002C1622 /* ContentView.swift */ = {isa = PBXFileReference; lastKnownFileType = sourcecode.swift; path = ContentView.swift; sourceTree = "<group>"; };
		13CD400C2A547A06002C1622 /* Assets.xcassets */ = {isa = PBXFileReference; lastKnownFileType = folder.assetcatalog; path = Assets.xcassets; sourceTree = "<group>"; };
		13CD400F2A547A06002C1622 /* Preview Assets.xcassets */ = {isa = PBXFileReference; lastKnownFileType = folder.assetcatalog; path = "Preview Assets.xcassets"; sourceTree = "<group>"; };
		13CD40152A547A06002C1622 /* TestProjectTests.xctest */ = {isa = PBXFileReference; explicitFileType = wrapper.cfbundle; includeInIndex = 0; path = TestProjectTests.xctest; sourceTree = BUILT_PRODUCTS_DIR; };
		13CD40192A547A06002C1622 /* TestProjectTests.swift */ = {isa = PBXFileReference; lastKnownFileType = sourcecode.swift; path = TestProjectTests.swift; sourceTree = "<group>"; };
		13CD401F2A547A06002C1622 /* TestProjectUITests.xctest */ = {isa = PBXFileReference; explicitFileType = wrapper.cfbundle; includeInIndex = 0; path = TestProjectUITests.xctest; sourceTree = BUILT_PRODUCTS_DIR; };
		13CD40232A547A06002C1622 /* TestProjectUITests.swift */ = {isa = PBXFileReference; lastKnownFileType = sourcecode.swift; path = TestProjectUITests.swift; sourceTree = "<group>"; };
		13CD40252A547A06002C1622 /* TestProjectUITestsLaunchTests.swift */ = {isa = PBXFileReference; lastKnownFileType = sourcecode.swift; path = TestProjectUITestsLaunchTests.swift; sourceTree = "<group>"; };
		13CD40322A547CD7002C1622 /* Screen1.swift */ = {isa = PBXFileReference; lastKnownFileType = sourcecode.swift; path = Screen1.swift; sourceTree = "<group>"; };
		13CD40342A547E93002C1622 /* Applications.swift */ = {isa = PBXFileReference; lastKnownFileType = sourcecode.swift; path = Applications.swift; sourceTree = "<group>"; };
		13CD40362A547E9E002C1622 /* Recents.swift */ = {isa = PBXFileReference; lastKnownFileType = sourcecode.swift; path = Recents.swift; sourceTree = "<group>"; };
/* End PBXFileReference section */

/* Begin PBXFrameworksBuildPhase section */
		13CD40022A547A06002C1622 /* Frameworks */ = {
			isa = PBXFrameworksBuildPhase;
			buildActionMask = 2147483647;
			files = (
			);
			runOnlyForDeploymentPostprocessing = 0;
		};
		13CD40122A547A06002C1622 /* Frameworks */ = {
			isa = PBXFrameworksBuildPhase;
			buildActionMask = 2147483647;
			files = (
			);
			runOnlyForDeploymentPostprocessing = 0;
		};
		13CD401C2A547A06002C1622 /* Frameworks */ = {
			isa = PBXFrameworksBuildPhase;
			buildActionMask = 2147483647;
			files = (
			);
			runOnlyForDeploymentPostprocessing = 0;
		};
/* End PBXFrameworksBuildPhase section */

/* Begin PBXGroup section */
		13900B062A55272F0052FEBD /* Modal */ = {
			isa = PBXGroup;
			children = (
				13900B032A5526E10052FEBD /* ListModal.swift */,
			);
			path = Modal;
			sourceTree = "<group>";
		};
		13900B072A55273B0052FEBD /* ViewModal */ = {
			isa = PBXGroup;
			children = (
			);
			path = ViewModal;
			sourceTree = "<group>";
		};
		13CD3FFC2A547A06002C1622 = {
			isa = PBXGroup;
			children = (
				13CD40072A547A06002C1622 /* TestProject */,
				13CD40182A547A06002C1622 /* TestProjectTests */,
				13CD40222A547A06002C1622 /* TestProjectUITests */,
				13CD40062A547A06002C1622 /* Products */,
			);
			sourceTree = "<group>";
		};
		13CD40062A547A06002C1622 /* Products */ = {
			isa = PBXGroup;
			children = (
				13CD40052A547A06002C1622 /* TestProject.app */,
				13CD40152A547A06002C1622 /* TestProjectTests.xctest */,
				13CD401F2A547A06002C1622 /* TestProjectUITests.xctest */,
			);
			name = Products;
			sourceTree = "<group>";
		};
		13CD40072A547A06002C1622 /* TestProject */ = {
			isa = PBXGroup;
			children = (
				13900B072A55273B0052FEBD /* ViewModal */,
				13CD40082A547A06002C1622 /* TestProjectApp.swift */,
				13CD400A2A547A06002C1622 /* ContentView.swift */,
				13CD40342A547E93002C1622 /* Applications.swift */,
				13CD40362A547E9E002C1622 /* Recents.swift */,
				13CD40322A547CD7002C1622 /* Screen1.swift */,
				13900B062A55272F0052FEBD /* Modal */,
				13CD400C2A547A06002C1622 /* Assets.xcassets */,
				13CD400E2A547A06002C1622 /* Preview Content */,
			);
			path = TestProject;
			sourceTree = "<group>";
		};
		13CD400E2A547A06002C1622 /* Preview Content */ = {
			isa = PBXGroup;
			children = (
				13CD400F2A547A06002C1622 /* Preview Assets.xcassets */,
			);
			path = "Preview Content";
			sourceTree = "<group>";
		};
		13CD40182A547A06002C1622 /* TestProjectTests */ = {
			isa = PBXGroup;
			children = (
				13CD40192A547A06002C1622 /* TestProjectTests.swift */,
			);
			path = TestProjectTests;
			sourceTree = "<group>";
		};
		13CD40222A547A06002C1622 /* TestProjectUITests */ = {
			isa = PBXGroup;
			children = (
				13CD40232A547A06002C1622 /* TestProjectUITests.swift */,
				13CD40252A547A06002C1622 /* TestProjectUITestsLaunchTests.swift */,
			);
			path = TestProjectUITests;
			sourceTree = "<group>";
		};
/* End PBXGroup section */

/* Begin PBXNativeTarget section */
		13CD40042A547A06002C1622 /* TestProject */ = {
			isa = PBXNativeTarget;
			buildConfigurationList = 13CD40292A547A06002C1622 /* Build configuration list for PBXNativeTarget "TestProject" */;
			buildPhases = (
				13CD40012A547A06002C1622 /* Sources */,
				13CD40022A547A06002C1622 /* Frameworks */,
				13CD40032A547A06002C1622 /* Resources */,
			);
			buildRules = (
			);
			dependencies = (
			);
			name = TestProject;
			productName = TestProject;
			productReference = 13CD40052A547A06002C1622 /* TestProject.app */;
			productType = "com.apple.product-type.application";
		};
		13CD40142A547A06002C1622 /* TestProjectTests */ = {
			isa = PBXNativeTarget;
			buildConfigurationList = 13CD402C2A547A06002C1622 /* Build configuration list for PBXNativeTarget "TestProjectTests" */;
			buildPhases = (
				13CD40112A547A06002C1622 /* Sources */,
				13CD40122A547A06002C1622 /* Frameworks */,
				13CD40132A547A06002C1622 /* Resources */,
			);
			buildRules = (
			);
			dependencies = (
				13CD40172A547A06002C1622 /* PBXTargetDependency */,
			);
			name = TestProjectTests;
			productName = TestProjectTests;
			productReference = 13CD40152A547A06002C1622 /* TestProjectTests.xctest */;
			productType = "com.apple.product-type.bundle.unit-test";
		};
		13CD401E2A547A06002C1622 /* TestProjectUITests */ = {
			isa = PBXNativeTarget;
			buildConfigurationList = 13CD402F2A547A06002C1622 /* Build configuration list for PBXNativeTarget "TestProjectUITests" */;
			buildPhases = (
				13CD401B2A547A06002C1622 /* Sources */,
				13CD401C2A547A06002C1622 /* Frameworks */,
				13CD401D2A547A06002C1622 /* Resources */,
			);
			buildRules = (
			);
			dependencies = (
				13CD40212A547A06002C1622 /* PBXTargetDependency */,
			);
			name = TestProjectUITests;
			productName = TestProjectUITests;
			productReference = 13CD401F2A547A06002C1622 /* TestProjectUITests.xctest */;
			productType = "com.apple.product-type.bundle.ui-testing";
		};
/* End PBXNativeTarget section */

/* Begin PBXProject section */
		13CD3FFD2A547A06002C1622 /* Project object */ = {
			isa = PBXProject;
			attributes = {
				BuildIndependentTargetsInParallel = 1;
				LastSwiftUpdateCheck = 1420;
				LastUpgradeCheck = 1420;
				TargetAttributes = {
					13CD40042A547A06002C1622 = {
						CreatedOnToolsVersion = 14.2;
					};
					13CD40142A547A06002C1622 = {
						CreatedOnToolsVersion = 14.2;
						TestTargetID = 13CD40042A547A06002C1622;
					};
					13CD401E2A547A06002C1622 = {
						CreatedOnToolsVersion = 14.2;
						TestTargetID = 13CD40042A547A06002C1622;
					};
				};
			};
			buildConfigurationList = 13CD40002A547A06002C1622 /* Build configuration list for PBXProject "TestProject" */;
			compatibilityVersion = "Xcode 14.0";
			developmentRegion = en;
			hasScannedForEncodings = 0;
			knownRegions = (
				en,
				Base,
			);
			mainGroup = 13CD3FFC2A547A06002C1622;
			productRefGroup = 13CD40062A547A06002C1622 /* Products */;
			projectDirPath = "";
			projectRoot = "";
			targets = (
				13CD40042A547A06002C1622 /* TestProject */,
				13CD40142A547A06002C1622 /* TestProjectTests */,
				13CD401E2A547A06002C1622 /* TestProjectUITests */,
			);
		};
/* End PBXProject section */

/* Begin PBXResourcesBuildPhase section */
		13CD40032A547A06002C1622 /* Resources */ = {
			isa = PBXResourcesBuildPhase;
			buildActionMask = 2147483647;
			files = (
				13CD40102A547A06002C1622 /* Preview Assets.xcassets in Resources */,
				13CD400D2A547A06002C1622 /* Assets.xcassets in Resources */,
			);
			runOnlyForDeploymentPostprocessing = 0;
		};
		13CD40132A547A06002C1622 /* Resources */ = {
			isa = PBXResourcesBuildPhase;
			buildActionMask = 2147483647;
			files = (
			);
			runOnlyForDeploymentPostprocessing = 0;
		};
		13CD401D2A547A06002C1622 /* Resources */ = {
			isa = PBXResourcesBuildPhase;
			buildActionMask = 2147483647;
			files = (
			);
			runOnlyForDeploymentPostprocessing = 0;
		};
/* End PBXResourcesBuildPhase section */

/* Begin PBXSourcesBuildPhase section */
		13CD40012A547A06002C1622 /* Sources */ = {
			isa = PBXSourcesBuildPhase;
			buildActionMask = 2147483647;
			files = (
				13CD40352A547E93002C1622 /* Applications.swift in Sources */,
				13CD40332A547CD7002C1622 /* Screen1.swift in Sources */,
				13CD400B2A547A06002C1622 /* ContentView.swift in Sources */,
				13900B042A5526E10052FEBD /* ListModal.swift in Sources */,
				13CD40092A547A06002C1622 /* TestProjectApp.swift in Sources */,
				13CD40372A547E9E002C1622 /* Recents.swift in Sources */,
			);
			runOnlyForDeploymentPostprocessing = 0;
		};
		13CD40112A547A06002C1622 /* Sources */ = {
			isa = PBXSourcesBuildPhase;
			buildActionMask = 2147483647;
			files = (
				13CD401A2A547A06002C1622 /* TestProjectTests.swift in Sources */,
			);
			runOnlyForDeploymentPostprocessing = 0;
		};
		13CD401B2A547A06002C1622 /* Sources */ = {
			isa = PBXSourcesBuildPhase;
			buildActionMask = 2147483647;
			files = (
				13CD40262A547A06002C1622 /* TestProjectUITestsLaunchTests.swift in Sources */,
				13CD40242A547A06002C1622 /* TestProjectUITests.swift in Sources */,
			);
			runOnlyForDeploymentPostprocessing = 0;
		};
/* End PBXSourcesBuildPhase section */

/* Begin PBXTargetDependency section */
		13CD40172A547A06002C1622 /* PBXTargetDependency */ = {
			isa = PBXTargetDependency;
			target = 13CD40042A547A06002C1622 /* TestProject */;
			targetProxy = 13CD40162A547A06002C1622 /* PBXContainerItemProxy */;
		};
		13CD40212A547A06002C1622 /* PBXTargetDependency */ = {
			isa = PBXTargetDependency;
			target = 13CD40042A547A06002C1622 /* TestProject */;
			targetProxy = 13CD40202A547A06002C1622 /* PBXContainerItemProxy */;
		};
/* End PBXTargetDependency section */

/* Begin XCBuildConfiguration section */
		13CD40272A547A06002C1622 /* Debug */ = {
			isa = XCBuildConfiguration;
			buildSettings = {
				ALWAYS_SEARCH_USER_PATHS = NO;
				CLANG_ANALYZER_NONNULL = YES;
				CLANG_ANALYZER_NUMBER_OBJECT_CONVERSION = YES_AGGRESSIVE;
				CLANG_CXX_LANGUAGE_STANDARD = "gnu++20";
				CLANG_ENABLE_MODULES = YES;
				CLANG_ENABLE_OBJC_ARC = YES;
				CLANG_ENABLE_OBJC_WEAK = YES;
				CLANG_WARN_BLOCK_CAPTURE_AUTORELEASING = YES;
				CLANG_WARN_BOOL_CONVERSION = YES;
				CLANG_WARN_COMMA = YES;
				CLANG_WARN_CONSTANT_CONVERSION = YES;
				CLANG_WARN_DEPRECATED_OBJC_IMPLEMENTATIONS = YES;
				CLANG_WARN_DIRECT_OBJC_ISA_USAGE = YES_ERROR;
				CLANG_WARN_DOCUMENTATION_COMMENTS = YES;
				CLANG_WARN_EMPTY_BODY = YES;
				CLANG_WARN_ENUM_CONVERSION = YES;
				CLANG_WARN_INFINITE_RECURSION = YES;
				CLANG_WARN_INT_CONVERSION = YES;
				CLANG_WARN_NON_LITERAL_NULL_CONVERSION = YES;
				CLANG_WARN_OBJC_IMPLICIT_RETAIN_SELF = YES;
				CLANG_WARN_OBJC_LITERAL_CONVERSION = YES;
				CLANG_WARN_OBJC_ROOT_CLASS = YES_ERROR;
				CLANG_WARN_QUOTED_INCLUDE_IN_FRAMEWORK_HEADER = YES;
				CLANG_WARN_RANGE_LOOP_ANALYSIS = YES;
				CLANG_WARN_STRICT_PROTOTYPES = YES;
				CLANG_WARN_SUSPICIOUS_MOVE = YES;
				CLANG_WARN_UNGUARDED_AVAILABILITY = YES_AGGRESSIVE;
				CLANG_WARN_UNREACHABLE_CODE = YES;
				CLANG_WARN__DUPLICATE_METHOD_MATCH = YES;
				COPY_PHASE_STRIP = NO;
				DEBUG_INFORMATION_FORMAT = dwarf;
				ENABLE_STRICT_OBJC_MSGSEND = YES;
				ENABLE_TESTABILITY = YES;
				GCC_C_LANGUAGE_STANDARD = gnu11;
				GCC_DYNAMIC_NO_PIC = NO;
				GCC_NO_COMMON_BLOCKS = YES;
				GCC_OPTIMIZATION_LEVEL = 0;
				GCC_PREPROCESSOR_DEFINITIONS = (
					"DEBUG=1",
					"$(inherited)",
				);
				GCC_WARN_64_TO_32_BIT_CONVERSION = YES;
				GCC_WARN_ABOUT_RETURN_TYPE = YES_ERROR;
				GCC_WARN_UNDECLARED_SELECTOR = YES;
				GCC_WARN_UNINITIALIZED_AUTOS = YES_AGGRESSIVE;
				GCC_WARN_UNUSED_FUNCTION = YES;
				GCC_WARN_UNUSED_VARIABLE = YES;
				IPHONEOS_DEPLOYMENT_TARGET = 16.2;
				MTL_ENABLE_DEBUG_INFO = INCLUDE_SOURCE;
				MTL_FAST_MATH = YES;
				ONLY_ACTIVE_ARCH = YES;
				SDKROOT = iphoneos;
				SWIFT_ACTIVE_COMPILATION_CONDITIONS = DEBUG;
				SWIFT_OPTIMIZATION_LEVEL = "-Onone";
			};
			name = Debug;
		};
		13CD40282A547A06002C1622 /* Release */ = {
			isa = XCBuildConfiguration;
			buildSettings = {
				ALWAYS_SEARCH_USER_PATHS = NO;
				CLANG_ANALYZER_NONNULL = YES;
				CLANG_ANALYZER_NUMBER_OBJECT_CONVERSION = YES_AGGRESSIVE;
				CLANG_CXX_LANGUAGE_STANDARD = "gnu++20";
				CLANG_ENABLE_MODULES = YES;
				CLANG_ENABLE_OBJC_ARC = YES;
				CLANG_ENABLE_OBJC_WEAK = YES;
				CLANG_WARN_BLOCK_CAPTURE_AUTORELEASING = YES;
				CLANG_WARN_BOOL_CONVERSION = YES;
				CLANG_WARN_COMMA = YES;
				CLANG_WARN_CONSTANT_CONVERSION = YES;
				CLANG_WARN_DEPRECATED_OBJC_IMPLEMENTATIONS = YES;
				CLANG_WARN_DIRECT_OBJC_ISA_USAGE = YES_ERROR;
				CLANG_WARN_DOCUMENTATION_COMMENTS = YES;
				CLANG_WARN_EMPTY_BODY = YES;
				CLANG_WARN_ENUM_CONVERSION = YES;
				CLANG_WARN_INFINITE_RECURSION = YES;
				CLANG_WARN_INT_CONVERSION = YES;
				CLANG_WARN_NON_LITERAL_NULL_CONVERSION = YES;
				CLANG_WARN_OBJC_IMPLICIT_RETAIN_SELF = YES;
				CLANG_WARN_OBJC_LITERAL_CONVERSION = YES;
				CLANG_WARN_OBJC_ROOT_CLASS = YES_ERROR;
				CLANG_WARN_QUOTED_INCLUDE_IN_FRAMEWORK_HEADER = YES;
				CLANG_WARN_RANGE_LOOP_ANALYSIS = YES;
				CLANG_WARN_STRICT_PROTOTYPES = YES;
				CLANG_WARN_SUSPICIOUS_MOVE = YES;
				CLANG_WARN_UNGUARDED_AVAILABILITY = YES_AGGRESSIVE;
				CLANG_WARN_UNREACHABLE_CODE = YES;
				CLANG_WARN__DUPLICATE_METHOD_MATCH = YES;
				COPY_PHASE_STRIP = NO;
				DEBUG_INFORMATION_FORMAT = "dwarf-with-dsym";
				ENABLE_NS_ASSERTIONS = NO;
				ENABLE_STRICT_OBJC_MSGSEND = YES;
				GCC_C_LANGUAGE_STANDARD = gnu11;
				GCC_NO_COMMON_BLOCKS = YES;
				GCC_WARN_64_TO_32_BIT_CONVERSION = YES;
				GCC_WARN_ABOUT_RETURN_TYPE = YES_ERROR;
				GCC_WARN_UNDECLARED_SELECTOR = YES;
				GCC_WARN_UNINITIALIZED_AUTOS = YES_AGGRESSIVE;
				GCC_WARN_UNUSED_FUNCTION = YES;
				GCC_WARN_UNUSED_VARIABLE = YES;
				IPHONEOS_DEPLOYMENT_TARGET = 16.2;
				MTL_ENABLE_DEBUG_INFO = NO;
				MTL_FAST_MATH = YES;
				SDKROOT = iphoneos;
				SWIFT_COMPILATION_MODE = wholemodule;
				SWIFT_OPTIMIZATION_LEVEL = "-O";
				VALIDATE_PRODUCT = YES;
			};
			name = Release;
		};
		13CD402A2A547A06002C1622 /* Debug */ = {
			isa = XCBuildConfiguration;
			buildSettings = {
				ASSETCATALOG_COMPILER_APPICON_NAME = AppIcon;
				ASSETCATALOG_COMPILER_GLOBAL_ACCENT_COLOR_NAME = AccentColor;
				CODE_SIGN_STYLE = Automatic;
				CURRENT_PROJECT_VERSION = 1;
				DEVELOPMENT_ASSET_PATHS = "\"TestProject/Preview Content\"";
				ENABLE_PREVIEWS = YES;
				GENERATE_INFOPLIST_FILE = YES;
				INFOPLIST_KEY_UIApplicationSceneManifest_Generation = YES;
				INFOPLIST_KEY_UIApplicationSupportsIndirectInputEvents = YES;
				INFOPLIST_KEY_UILaunchScreen_Generation = YES;
				INFOPLIST_KEY_UISupportedInterfaceOrientations_iPad = "UIInterfaceOrientationPortrait UIInterfaceOrientationPortraitUpsideDown UIInterfaceOrientationLandscapeLeft UIInterfaceOrientationLandscapeRight";
				INFOPLIST_KEY_UISupportedInterfaceOrientations_iPhone = "UIInterfaceOrientationPortrait UIInterfaceOrientationLandscapeLeft UIInterfaceOrientationLandscapeRight";
				LD_RUNPATH_SEARCH_PATHS = (
					"$(inherited)",
					"@executable_path/Frameworks",
				);
				MARKETING_VERSION = 1.0;
				PRODUCT_BUNDLE_IDENTIFIER = manisha.TestProject;
				PRODUCT_NAME = "$(TARGET_NAME)";
				SWIFT_EMIT_LOC_STRINGS = YES;
				SWIFT_VERSION = 5.0;
				TARGETED_DEVICE_FAMILY = "1,2";
			};
			name = Debug;
		};
		13CD402B2A547A06002C1622 /* Release */ = {
			isa = XCBuildConfiguration;
			buildSettings = {
				ASSETCATALOG_COMPILER_APPICON_NAME = AppIcon;
				ASSETCATALOG_COMPILER_GLOBAL_ACCENT_COLOR_NAME = AccentColor;
				CODE_SIGN_STYLE = Automatic;
				CURRENT_PROJECT_VERSION = 1;
				DEVELOPMENT_ASSET_PATHS = "\"TestProject/Preview Content\"";
				ENABLE_PREVIEWS = YES;
				GENERATE_INFOPLIST_FILE = YES;
				INFOPLIST_KEY_UIApplicationSceneManifest_Generation = YES;
				INFOPLIST_KEY_UIApplicationSupportsIndirectInputEvents = YES;
				INFOPLIST_KEY_UILaunchScreen_Generation = YES;
				INFOPLIST_KEY_UISupportedInterfaceOrientations_iPad = "UIInterfaceOrientationPortrait UIInterfaceOrientationPortraitUpsideDown UIInterfaceOrientationLandscapeLeft UIInterfaceOrientationLandscapeRight";
				INFOPLIST_KEY_UISupportedInterfaceOrientations_iPhone = "UIInterfaceOrientationPortrait UIInterfaceOrientationLandscapeLeft UIInterfaceOrientationLandscapeRight";
				LD_RUNPATH_SEARCH_PATHS = (
					"$(inherited)",
					"@executable_path/Frameworks",
				);
				MARKETING_VERSION = 1.0;
				PRODUCT_BUNDLE_IDENTIFIER = manisha.TestProject;
				PRODUCT_NAME = "$(TARGET_NAME)";
				SWIFT_EMIT_LOC_STRINGS = YES;
				SWIFT_VERSION = 5.0;
				TARGETED_DEVICE_FAMILY = "1,2";
			};
			name = Release;
		};
		13CD402D2A547A06002C1622 /* Debug */ = {
			isa = XCBuildConfiguration;
			buildSettings = {
				ALWAYS_EMBED_SWIFT_STANDARD_LIBRARIES = YES;
				BUNDLE_LOADER = "$(TEST_HOST)";
				CODE_SIGN_STYLE = Automatic;
				CURRENT_PROJECT_VERSION = 1;
				GENERATE_INFOPLIST_FILE = YES;
				IPHONEOS_DEPLOYMENT_TARGET = 16.2;
				MARKETING_VERSION = 1.0;
				PRODUCT_BUNDLE_IDENTIFIER = manisha.TestProjectTests;
				PRODUCT_NAME = "$(TARGET_NAME)";
				SWIFT_EMIT_LOC_STRINGS = NO;
				SWIFT_VERSION = 5.0;
				TARGETED_DEVICE_FAMILY = "1,2";
				TEST_HOST = "$(BUILT_PRODUCTS_DIR)/TestProject.app/$(BUNDLE_EXECUTABLE_FOLDER_PATH)/TestProject";
			};
			name = Debug;
		};
		13CD402E2A547A06002C1622 /* Release */ = {
			isa = XCBuildConfiguration;
			buildSettings = {
				ALWAYS_EMBED_SWIFT_STANDARD_LIBRARIES = YES;
				BUNDLE_LOADER = "$(TEST_HOST)";
				CODE_SIGN_STYLE = Automatic;
				CURRENT_PROJECT_VERSION = 1;
				GENERATE_INFOPLIST_FILE = YES;
				IPHONEOS_DEPLOYMENT_TARGET = 16.2;
				MARKETING_VERSION = 1.0;
				PRODUCT_BUNDLE_IDENTIFIER = manisha.TestProjectTests;
				PRODUCT_NAME = "$(TARGET_NAME)";
				SWIFT_EMIT_LOC_STRINGS = NO;
				SWIFT_VERSION = 5.0;
				TARGETED_DEVICE_FAMILY = "1,2";
				TEST_HOST = "$(BUILT_PRODUCTS_DIR)/TestProject.app/$(BUNDLE_EXECUTABLE_FOLDER_PATH)/TestProject";
			};
			name = Release;
		};
		13CD40302A547A06002C1622 /* Debug */ = {
			isa = XCBuildConfiguration;
			buildSettings = {
				ALWAYS_EMBED_SWIFT_STANDARD_LIBRARIES = YES;
				CODE_SIGN_STYLE = Automatic;
				CURRENT_PROJECT_VERSION = 1;
				GENERATE_INFOPLIST_FILE = YES;
				MARKETING_VERSION = 1.0;
				PRODUCT_BUNDLE_IDENTIFIER = manisha.TestProjectUITests;
				PRODUCT_NAME = "$(TARGET_NAME)";
				SWIFT_EMIT_LOC_STRINGS = NO;
				SWIFT_VERSION = 5.0;
				TARGETED_DEVICE_FAMILY = "1,2";
				TEST_TARGET_NAME = TestProject;
			};
			name = Debug;
		};
		13CD40312A547A06002C1622 /* Release */ = {
			isa = XCBuildConfiguration;
			buildSettings = {
				ALWAYS_EMBED_SWIFT_STANDARD_LIBRARIES = YES;
				CODE_SIGN_STYLE = Automatic;
				CURRENT_PROJECT_VERSION = 1;
				GENERATE_INFOPLIST_FILE = YES;
				MARKETING_VERSION = 1.0;
				PRODUCT_BUNDLE_IDENTIFIER = manisha.TestProjectUITests;
				PRODUCT_NAME = "$(TARGET_NAME)";
				SWIFT_EMIT_LOC_STRINGS = NO;
				SWIFT_VERSION = 5.0;
				TARGETED_DEVICE_FAMILY = "1,2";
				TEST_TARGET_NAME = TestProject;
			};
			name = Release;
		};
/* End XCBuildConfiguration section */

/* Begin XCConfigurationList section */
		13CD40002A547A06002C1622 /* Build configuration list for PBXProject "TestProject" */ = {
			isa = XCConfigurationList;
			buildConfigurations = (
				13CD40272A547A06002C1622 /* Debug */,
				13CD40282A547A06002C1622 /* Release */,
			);
			defaultConfigurationIsVisible = 0;
			defaultConfigurationName = Release;
		};
		13CD40292A547A06002C1622 /* Build configuration list for PBXNativeTarget "TestProject" */ = {
			isa = XCConfigurationList;
			buildConfigurations = (
				13CD402A2A547A06002C1622 /* Debug */,
				13CD402B2A547A06002C1622 /* Release */,
			);
			defaultConfigurationIsVisible = 0;
			defaultConfigurationName = Release;
		};
		13CD402C2A547A06002C1622 /* Build configuration list for PBXNativeTarget "TestProjectTests" */ = {
			isa = XCConfigurationList;
			buildConfigurations = (
				13CD402D2A547A06002C1622 /* Debug */,
				13CD402E2A547A06002C1622 /* Release */,
			);
			defaultConfigurationIsVisible = 0;
			defaultConfigurationName = Release;
		};
		13CD402F2A547A06002C1622 /* Build configuration list for PBXNativeTarget "TestProjectUITests" */ = {
			isa = XCConfigurationList;
			buildConfigurations = (
				13CD40302A547A06002C1622 /* Debug */,
				13CD40312A547A06002C1622 /* Release */,
			);
			defaultConfigurationIsVisible = 0;
			defaultConfigurationName = Release;
		};
/* End XCConfigurationList section */
	};
	rootObject = 13CD3FFD2A547A06002C1622 /* Project object */;
}
